
Microsoft Visual Studio Solution File, Format Version 12.00
# Visual Studio Version 17
VisualStudioVersion = 17.8.34330.188
MinimumVisualStudioVersion = 10.0.40219.1
Project("{FAE04EC0-301F-11D3-BF4B-00C04F79EFBC}") = "rstest5", "rstest5\rstest5.csproj", "{58719494-2511-4191-98E6-A4474636868C}"
EndProject
Global
	GlobalSection(SolutionConfigurationPlatforms) = preSolution
		Debug|Any CPU = Debug|Any CPU
		Release|Any CPU = Release|Any CPU
	EndGlobalSection
	GlobalSection(ProjectConfigurationPlatforms) = postSolution
		{58719494-2511-4191-98E6-A4474636868C}.Debug|Any CPU.ActiveCfg = Debug|Any CPU
		{58719494-2511-4191-98E6-A4474636868C}.Debug|Any CPU.Build.0 = Debug|Any CPU
		{58719494-2511-4191-98E6-A4474636868C}.Release|Any CPU.ActiveCfg = Release|Any CPU
		{58719494-2511-4191-98E6-A4474636868C}.Release|Any CPU.Build.0 = Release|Any CPU
	EndGlobalSection
	GlobalSection(SolutionProperties) = preSolution
		HideSolutionNode = FALSE
	EndGlobalSection
	GlobalSection(ExtensibilityGlobals) = postSolution
		SolutionGuid = {D7F70972-4F67-4968-A654-A596C51DE16C}
	EndGlobalSection
EndGlobal
